
Microsoft Visual Studio Solution File, Format Version 12.00
# Visual Studio Version 17
VisualStudioVersion = 17.5.002.0
MinimumVisualStudioVersion = 10.0.40219.1
Project("{9A19103F-16F7-4668-BE54-9A1E7A4F7556}") = "DesafioProjetoHospedagem", "DesafioProjetoHospedagem\DesafioProjetoHospedagem.csproj", "{332BD884-55D2-449C-9277-E56C9CDBE50E}"
EndProject
Global
	GlobalSection(SolutionConfigurationPlatforms) = preSolution
		Debug|Any CPU = Debug|Any CPU
		Release|Any CPU = Release|Any CPU
	EndGlobalSection
	GlobalSection(ProjectConfigurationPlatforms) = postSolution
		{332BD884-55D2-449C-9277-E56C9CDBE50E}.Debug|Any CPU.ActiveCfg = Debug|Any CPU
		{332BD884-55D2-449C-9277-E56C9CDBE50E}.Debug|Any CPU.Build.0 = Debug|Any CPU
		{332BD884-55D2-449C-9277-E56C9CDBE50E}.Release|Any CPU.ActiveCfg = Release|Any CPU
		{332BD884-55D2-449C-9277-E56C9CDBE50E}.Release|Any CPU.Build.0 = Release|Any CPU
	EndGlobalSection
	GlobalSection(SolutionProperties) = preSolution
		HideSolutionNode = FALSE
	EndGlobalSection
	GlobalSection(ExtensibilityGlobals) = postSolution
		SolutionGuid = {F5A03D9E-E98C-441B-B1EB-2A471FF8B6A2}
	EndGlobalSection
EndGlobal
